{
    "_meta": {
        "hash": {
            "sha256": "8526289ccacec12f685b80953efda62f8e5cce34fe23029546334ef56e5ddcc9"
        },
        "pipfile-spec": 6,
        "requires": {
            "python_version": "3.11"
        },
        "sources": [
            {
                "name": "pypi",
                "url": "https://pypi.org/simple",
                "verify_ssl": true
            }
        ]
    },
    "default": {
        "asgiref": {
            "hashes": [
                "sha256:89b2ef2247e3b562a16eef663bc0e2e703ec6468e2fa8a5cd61cd449786d4f6e",
                "sha256:9e0ce3aa93a819ba5b45120216b23878cf6e8525eb3848653452b4192b92afed"
            ],
            "markers": "python_version >= '3.7'",
            "version": "==3.7.2"
        },
        "attrs": {
            "hashes": [
                "sha256:1f28b4522cdc2fb4256ac1a020c78acf9cba2c6b461ccd2c126f3aa8e8335d04",
                "sha256:6279836d581513a26f1bf235f9acd333bc9115683f14f7e8fae46c98fc50e015"
            ],
            "markers": "python_version >= '3.7'",
            "version": "==23.1.0"
        },
        "cattrs": {
            "hashes": [
                "sha256:b2bb14311ac17bed0d58785e5a60f022e5431aca3932e3fc5cc8ed8639de50a4",
                "sha256:db1c821b8c537382b2c7c66678c3790091ca0275ac486c76f3c8f3920e83c657"
            ],
            "markers": "python_version >= '3.7'",
            "version": "==23.1.2"
        },
        "django": {
            "hashes": [
                "sha256:45a747e1c5b3d6df1b141b1481e193b033fd1fdbda3ff52677dc81afdaacbaed",
                "sha256:f7c7852a5ac5a3da5a8d5b35cc6168f31b605971441798dac845f17ca8028039"
            ],
            "index": "pypi",
            "version": "==4.2.3"
        },
        "docstring-to-markdown": {
            "hashes": [
                "sha256:40004224b412bd6f64c0f3b85bb357a41341afd66c4b4896709efa56827fb2bb",
                "sha256:7df6311a887dccf9e770f51242ec002b19f0591994c4783be49d24cdc1df3737"
            ],
            "markers": "python_version >= '3.6'",
            "version": "==0.12"
        },
        "jedi": {
            "hashes": [
                "sha256:203c1fd9d969ab8f2119ec0a3342e0b49910045abe6af0a3ae83a5764d54639e",
                "sha256:bae794c30d07f6d910d32a7048af09b5a39ed740918da923c6b780790ebac612"
            ],
            "markers": "python_version >= '3.6'",
            "version": "==0.18.2"
        },
        "jedi-language-server": {
            "hashes": [
                "sha256:53e590400b5cd2f6e363e77a4d824b1883798994b731cb0b4370d103748d30e2",
                "sha256:bacbae2930b6a8a0f1f284c211672fceec94b4808b0415d1c3352fa4b1ac5ad6"
            ],
            "index": "pypi",
            "version": "==0.40.0"
        },
        "lsprotocol": {
            "hashes": [
                "sha256:80aae7e39171b49025876a524937c10be2eb986f4be700ca22ee7d186b8488aa",
                "sha256:c4f2f77712b50d065b17f9b50d2b88c480dc2ce4bbaa56eea8269dbf54bc9701"
            ],
            "markers": "python_version >= '3.7'",
            "version": "==2023.0.0a2"
        },
        "parso": {
            "hashes": [
                "sha256:8c07be290bb59f03588915921e29e8a50002acaf2cdc5fa0e0114f91709fafa0",
                "sha256:c001d4636cd3aecdaf33cbb40aebb59b094be2a74c556778ef5576c175e19e75"
            ],
            "markers": "python_version >= '3.6'",
            "version": "==0.8.3"
        },
        "pydantic": {
            "hashes": [
                "sha256:008c5e266c8aada206d0627a011504e14268a62091450210eda7c07fabe6963e",
                "sha256:0588788a9a85f3e5e9ebca14211a496409cb3deca5b6971ff37c556d581854e7",
                "sha256:08a6c32e1c3809fbc49debb96bf833164f3438b3696abf0fbeceb417d123e6eb",
                "sha256:16928fdc9cb273c6af00d9d5045434c39afba5f42325fb990add2c241402d151",
                "sha256:174899023337b9fc685ac8adaa7b047050616136ccd30e9070627c1aaab53a13",
                "sha256:192c608ad002a748e4a0bed2ddbcd98f9b56df50a7c24d9a931a8c5dd053bd3d",
                "sha256:1954f8778489a04b245a1e7b8b22a9d3ea8ef49337285693cf6959e4b757535e",
                "sha256:2417de68290434461a266271fc57274a138510dca19982336639484c73a07af6",
                "sha256:265a60da42f9f27e0b1014eab8acd3e53bd0bad5c5b4884e98a55f8f596b2c19",
                "sha256:331c031ba1554b974c98679bd0780d89670d6fd6f53f5d70b10bdc9addee1713",
                "sha256:373c0840f5c2b5b1ccadd9286782852b901055998136287828731868027a724f",
                "sha256:3f34739a89260dfa420aa3cbd069fbcc794b25bbe5c0a214f8fb29e363484b66",
                "sha256:41e0bb6efe86281623abbeeb0be64eab740c865388ee934cd3e6a358784aca6e",
                "sha256:4400015f15c9b464c9db2d5d951b6a780102cfa5870f2c036d37c23b56f7fc1b",
                "sha256:44e51ba599c3ef227e168424e220cd3e544288c57829520dc90ea9cb190c3248",
                "sha256:469adf96c8e2c2bbfa655fc7735a2a82f4c543d9fee97bd113a7fb509bf5e622",
                "sha256:5b02d24f7b2b365fed586ed73582c20f353a4c50e4be9ba2c57ab96f8091ddae",
                "sha256:7522a7666157aa22b812ce14c827574ddccc94f361237ca6ea8bb0d5c38f1629",
                "sha256:787cf23e5a0cde753f2eabac1b2e73ae3844eb873fd1f5bdbff3048d8dbb7604",
                "sha256:8268a735a14c308923e8958363e3a3404f6834bb98c11f5ab43251a4e410170c",
                "sha256:8dc77064471780262b6a68fe67e013298d130414d5aaf9b562c33987dbd2cf4f",
                "sha256:a451ccab49971af043ec4e0d207cbc8cbe53dbf148ef9f19599024076fe9c25b",
                "sha256:a6c098d4ab5e2d5b3984d3cb2527e2d6099d3de85630c8934efcfdc348a9760e",
                "sha256:abade85268cc92dff86d6effcd917893130f0ff516f3d637f50dadc22ae93999",
                "sha256:bc64eab9b19cd794a380179ac0e6752335e9555d214cfcb755820333c0784cb3",
                "sha256:c3339a46bbe6013ef7bdd2844679bfe500347ac5742cd4019a88312aa58a9847",
                "sha256:d185819a7a059550ecb85d5134e7d40f2565f3dd94cfd870132c5f91a89cf58c",
                "sha256:d7781f1d13b19700b7949c5a639c764a077cbbdd4322ed505b449d3ca8edcb36",
                "sha256:e297897eb4bebde985f72a46a7552a7556a3dd11e7f76acda0c1093e3dbcf216",
                "sha256:e6cbfbd010b14c8a905a7b10f9fe090068d1744d46f9e0c021db28daeb8b6de1",
                "sha256:e9738b0f2e6c70f44ee0de53f2089d6002b10c33264abee07bdb5c7f03038303",
                "sha256:e9baf78b31da2dc3d3f346ef18e58ec5f12f5aaa17ac517e2ffd026a92a87588",
                "sha256:ef55392ec4bb5721f4ded1096241e4b7151ba6d50a50a80a2526c854f42e6a2f",
                "sha256:f66d479cf7eb331372c470614be6511eae96f1f120344c25f3f9bb59fb1b5528",
                "sha256:fe429898f2c9dd209bd0632a606bddc06f8bce081bbd03d1c775a45886e2c1cb",
                "sha256:ff44c5e89315b15ff1f7fdaf9853770b810936d6b01a7bcecaa227d2f8fe444f"
            ],
            "markers": "python_version >= '3.7'",
            "version": "==1.10.11"
        },
        "pygls": {
            "hashes": [
                "sha256:6d278d29fa6559b0f7a448263c85cb64ec6e9369548b02f1a7944060848b21f9",
                "sha256:888ed63d1f650b4fc64d603d73d37545386ec533c0caac921aed80f80ea946a4"
            ],
            "markers": "python_version >= '3.7' and python_version < '4'",
            "version": "==1.0.2"
        },
        "sqlparse": {
            "hashes": [
                "sha256:5430a4fe2ac7d0f93e66f1efc6e1338a41884b7ddf2a350cedd20ccc4d9d28f3",
                "sha256:d446183e84b8349fa3061f0fe7f06ca94ba65b426946ffebe6e3e8295332420c"
            ],
            "markers": "python_version >= '3.5'",
            "version": "==0.4.4"
        },
        "typeguard": {
            "hashes": [
                "sha256:bbe993854385284ab42fd5bd3bee6f6556577ce8b50696d6cb956d704f286c8e",
                "sha256:fee5297fdb28f8e9efcb8142b5ee219e02375509cd77ea9d270b5af826358d5a"
            ],
            "markers": "python_full_version >= '3.7.4'",
            "version": "==3.0.2"
        },
        "typing-extensions": {
            "hashes": [
                "sha256:440d5dd3af93b060174bf433bccd69b0babc3b15b1a8dca43789fd7f61514b36",
                "sha256:b75ddc264f0ba5615db7ba217daeb99701ad295353c45f9e95963337ceeeffb2"
            ],
            "markers": "python_version >= '3.7'",
            "version": "==4.7.1"
        },
        "tzdata": {
            "hashes": [
                "sha256:11ef1e08e54acb0d4f95bdb1be05da659673de4acbd21bf9c69e94cc5e907a3a",
                "sha256:7e65763eef3120314099b6939b5546db7adce1e7d6f2e179e3df563c70511eda"
            ],
            "markers": "sys_platform == 'win32'",
            "version": "==2023.3"
        }
    },
    "develop": {}
}
